
Microsoft Visual Studio Solution File, Format Version 11.00
# Visual Studio 2010
Project("{8BC9CEB8-8B4A-11D0-8D11-00A0C91BC942}") = "GameBox", "GameBox\GameBox.vcxproj", "{4AFFE61E-0161-490F-858F-9D3D7DEAA532}"
EndProject
Global
	GlobalSection(SolutionConfigurationPlatforms) = preSolution
		Debug|Win32 = Debug|Win32
		Release|Win32 = Release|Win32
	EndGlobalSection
	GlobalSection(ProjectConfigurationPlatforms) = postSolution
		{4AFFE61E-0161-490F-858F-9D3D7DEAA532}.Debug|Win32.ActiveCfg = Debug|Win32
		{4AFFE61E-0161-490F-858F-9D3D7DEAA532}.Debug|Win32.Build.0 = Debug|Win32
		{4AFFE61E-0161-490F-858F-9D3D7DEAA532}.Release|Win32.ActiveCfg = Release|Win32
		{4AFFE61E-0161-490F-858F-9D3D7DEAA532}.Release|Win32.Build.0 = Release|Win32
	EndGlobalSection
	GlobalSection(SolutionProperties) = preSolution
		HideSolutionNode = FALSE
	EndGlobalSection
EndGlobal
